// !$*UTF8*$!
{
	archiveVersion = 1;
	classes = {
	};
	objectVersion = 56;
	objects = {

/* Begin PBXBuildFile section */
		719AF0532A56ABF000633550 /* Internship_projectApp.swift in Sources */ = {isa = PBXBuildFile; fileRef = 719AF0522A56ABF000633550 /* Internship_projectApp.swift */; };
		719AF0552A56ABF000633550 /* ContentView.swift in Sources */ = {isa = PBXBuildFile; fileRef = 719AF0542A56ABF000633550 /* ContentView.swift */; };
		719AF0572A56ABF100633550 /* Assets.xcassets in Resources */ = {isa = PBXBuildFile; fileRef = 719AF0562A56ABF100633550 /* Assets.xcassets */; };
		719AF05A2A56ABF100633550 /* Preview Assets.xcassets in Resources */ = {isa = PBXBuildFile; fileRef = 719AF0592A56ABF100633550 /* Preview Assets.xcassets */; };
		719AF0642A56ABF100633550 /* Internship_projectTests.swift in Sources */ = {isa = PBXBuildFile; fileRef = 719AF0632A56ABF100633550 /* Internship_projectTests.swift */; };
		719AF06E2A56ABF100633550 /* Internship_projectUITests.swift in Sources */ = {isa = PBXBuildFile; fileRef = 719AF06D2A56ABF100633550 /* Internship_projectUITests.swift */; };
		719AF0702A56ABF100633550 /* Internship_projectUITestsLaunchTests.swift in Sources */ = {isa = PBXBuildFile; fileRef = 719AF06F2A56ABF100633550 /* Internship_projectUITestsLaunchTests.swift */; };
/* End PBXBuildFile section */

/* Begin PBXContainerItemProxy section */
		719AF0602A56ABF100633550 /* PBXContainerItemProxy */ = {
			isa = PBXContainerItemProxy;
			containerPortal = 719AF0472A56ABF000633550 /* Project object */;
			proxyType = 1;
			remoteGlobalIDString = 719AF04E2A56ABF000633550;
			remoteInfo = "Internship project";
		};
		719AF06A2A56ABF100633550 /* PBXContainerItemProxy */ = {
			isa = PBXContainerItemProxy;
			containerPortal = 719AF0472A56ABF000633550 /* Project object */;
			proxyType = 1;
			remoteGlobalIDString = 719AF04E2A56ABF000633550;
			remoteInfo = "Internship project";
		};
/* End PBXContainerItemProxy section */

/* Begin PBXFileReference section */
		719AF04F2A56ABF000633550 /* Internship project.app */ = {isa = PBXFileReference; explicitFileType = wrapper.application; includeInIndex = 0; path = "Internship project.app"; sourceTree = BUILT_PRODUCTS_DIR; };
		719AF0522A56ABF000633550 /* Internship_projectApp.swift */ = {isa = PBXFileReference; lastKnownFileType = sourcecode.swift; path = Internship_projectApp.swift; sourceTree = "<group>"; };
		719AF0542A56ABF000633550 /* ContentView.swift */ = {isa = PBXFileReference; lastKnownFileType = sourcecode.swift; path = ContentView.swift; sourceTree = "<group>"; };
		719AF0562A56ABF100633550 /* Assets.xcassets */ = {isa = PBXFileReference; lastKnownFileType = folder.assetcatalog; path = Assets.xcassets; sourceTree = "<group>"; };
		719AF0592A56ABF100633550 /* Preview Assets.xcassets */ = {isa = PBXFileReference; lastKnownFileType = folder.assetcatalog; path = "Preview Assets.xcassets"; sourceTree = "<group>"; };
		719AF05F2A56ABF100633550 /* Internship projectTests.xctest */ = {isa = PBXFileReference; explicitFileType = wrapper.cfbundle; includeInIndex = 0; path = "Internship projectTests.xctest"; sourceTree = BUILT_PRODUCTS_DIR; };
		719AF0632A56ABF100633550 /* Internship_projectTests.swift */ = {isa = PBXFileReference; lastKnownFileType = sourcecode.swift; path = Internship_projectTests.swift; sourceTree = "<group>"; };
		719AF0692A56ABF100633550 /* Internship projectUITests.xctest */ = {isa = PBXFileReference; explicitFileType = wrapper.cfbundle; includeInIndex = 0; path = "Internship projectUITests.xctest"; sourceTree = BUILT_PRODUCTS_DIR; };
		719AF06D2A56ABF100633550 /* Internship_projectUITests.swift */ = {isa = PBXFileReference; lastKnownFileType = sourcecode.swift; path = Internship_projectUITests.swift; sourceTree = "<group>"; };
		719AF06F2A56ABF100633550 /* Internship_projectUITestsLaunchTests.swift */ = {isa = PBXFileReference; lastKnownFileType = sourcecode.swift; path = Internship_projectUITestsLaunchTests.swift; sourceTree = "<group>"; };
/* End PBXFileReference section */

/* Begin PBXFrameworksBuildPhase section */
		719AF04C2A56ABF000633550 /* Frameworks */ = {
			isa = PBXFrameworksBuildPhase;
			buildActionMask = 2147483647;
			files = (
			);
			runOnlyForDeploymentPostprocessing = 0;
		};
		719AF05C2A56ABF100633550 /* Frameworks */ = {
			isa = PBXFrameworksBuildPhase;
			buildActionMask = 2147483647;
			files = (
			);
			runOnlyForDeploymentPostprocessing = 0;
		};
		719AF0662A56ABF100633550 /* Frameworks */ = {
			isa = PBXFrameworksBuildPhase;
			buildActionMask = 2147483647;
			files = (
			);
			runOnlyForDeploymentPostprocessing = 0;
		};
/* End PBXFrameworksBuildPhase section */

/* Begin PBXGroup section */
		719AF0462A56ABF000633550 = {
			isa = PBXGroup;
			children = (
				719AF0512A56ABF000633550 /* Internship project */,
				719AF0622A56ABF100633550 /* Internship projectTests */,
				719AF06C2A56ABF100633550 /* Internship projectUITests */,
				719AF0502A56ABF000633550 /* Products */,
			);
			sourceTree = "<group>";
		};
		719AF0502A56ABF000633550 /* Products */ = {
			isa = PBXGroup;
			children = (
				719AF04F2A56ABF000633550 /* Internship project.app */,
				719AF05F2A56ABF100633550 /* Internship projectTests.xctest */,
				719AF0692A56ABF100633550 /* Internship projectUITests.xctest */,
			);
			name = Products;
			sourceTree = "<group>";
		};
		719AF0512A56ABF000633550 /* Internship project */ = {
			isa = PBXGroup;
			children = (
				719AF0522A56ABF000633550 /* Internship_projectApp.swift */,
				719AF0542A56ABF000633550 /* ContentView.swift */,
				719AF0562A56ABF100633550 /* Assets.xcassets */,
				719AF0582A56ABF100633550 /* Preview Content */,
			);
			path = "Internship project";
			sourceTree = "<group>";
		};
		719AF0582A56ABF100633550 /* Preview Content */ = {
			isa = PBXGroup;
			children = (
				719AF0592A56ABF100633550 /* Preview Assets.xcassets */,
			);
			path = "Preview Content";
			sourceTree = "<group>";
		};
		719AF0622A56ABF100633550 /* Internship projectTests */ = {
			isa = PBXGroup;
			children = (
				719AF0632A56ABF100633550 /* Internship_projectTests.swift */,
			);
			path = "Internship projectTests";
			sourceTree = "<group>";
		};
		719AF06C2A56ABF100633550 /* Internship projectUITests */ = {
			isa = PBXGroup;
			children = (
				719AF06D2A56ABF100633550 /* Internship_projectUITests.swift */,
				719AF06F2A56ABF100633550 /* Internship_projectUITestsLaunchTests.swift */,
			);
			path = "Internship projectUITests";
			sourceTree = "<group>";
		};
/* End PBXGroup section */

/* Begin PBXNativeTarget section */
		719AF04E2A56ABF000633550 /* Internship project */ = {
			isa = PBXNativeTarget;
			buildConfigurationList = 719AF0732A56ABF100633550 /* Build configuration list for PBXNativeTarget "Internship project" */;
			buildPhases = (
				719AF04B2A56ABF000633550 /* Sources */,
				719AF04C2A56ABF000633550 /* Frameworks */,
				719AF04D2A56ABF000633550 /* Resources */,
			);
			buildRules = (
			);
			dependencies = (
			);
			name = "Internship project";
			productName = "Internship project";
			productReference = 719AF04F2A56ABF000633550 /* Internship project.app */;
			productType = "com.apple.product-type.application";
		};
		719AF05E2A56ABF100633550 /* Internship projectTests */ = {
			isa = PBXNativeTarget;
			buildConfigurationList = 719AF0762A56ABF100633550 /* Build configuration list for PBXNativeTarget "Internship projectTests" */;
			buildPhases = (
				719AF05B2A56ABF100633550 /* Sources */,
				719AF05C2A56ABF100633550 /* Frameworks */,
				719AF05D2A56ABF100633550 /* Resources */,
			);
			buildRules = (
			);
			dependencies = (
				719AF0612A56ABF100633550 /* PBXTargetDependency */,
			);
			name = "Internship projectTests";
			productName = "Internship projectTests";
			productReference = 719AF05F2A56ABF100633550 /* Internship projectTests.xctest */;
			productType = "com.apple.product-type.bundle.unit-test";
		};
		719AF0682A56ABF100633550 /* Internship projectUITests */ = {
			isa = PBXNativeTarget;
			buildConfigurationList = 719AF0792A56ABF100633550 /* Build configuration list for PBXNativeTarget "Internship projectUITests" */;
			buildPhases = (
				719AF0652A56ABF100633550 /* Sources */,
				719AF0662A56ABF100633550 /* Frameworks */,
				719AF0672A56ABF100633550 /* Resources */,
			);
			buildRules = (
			);
			dependencies = (
				719AF06B2A56ABF100633550 /* PBXTargetDependency */,
			);
			name = "Internship projectUITests";
			productName = "Internship projectUITests";
			productReference = 719AF0692A56ABF100633550 /* Internship projectUITests.xctest */;
			productType = "com.apple.product-type.bundle.ui-testing";
		};
/* End PBXNativeTarget section */

/* Begin PBXProject section */
		719AF0472A56ABF000633550 /* Project object */ = {
			isa = PBXProject;
			attributes = {
				BuildIndependentTargetsInParallel = 1;
				LastSwiftUpdateCheck = 1420;
				LastUpgradeCheck = 1420;
				TargetAttributes = {
					719AF04E2A56ABF000633550 = {
						CreatedOnToolsVersion = 14.2;
					};
					719AF05E2A56ABF100633550 = {
						CreatedOnToolsVersion = 14.2;
						TestTargetID = 719AF04E2A56ABF000633550;
					};
					719AF0682A56ABF100633550 = {
						CreatedOnToolsVersion = 14.2;
						TestTargetID = 719AF04E2A56ABF000633550;
					};
				};
			};
			buildConfigurationList = 719AF04A2A56ABF000633550 /* Build configuration list for PBXProject "Internship project" */;
			compatibilityVersion = "Xcode 14.0";
			developmentRegion = en;
			hasScannedForEncodings = 0;
			knownRegions = (
				en,
				Base,
			);
			mainGroup = 719AF0462A56ABF000633550;
			productRefGroup = 719AF0502A56ABF000633550 /* Products */;
			projectDirPath = "";
			projectRoot = "";
			targets = (
				719AF04E2A56ABF000633550 /* Internship project */,
				719AF05E2A56ABF100633550 /* Internship projectTests */,
				719AF0682A56ABF100633550 /* Internship projectUITests */,
			);
		};
/* End PBXProject section */

/* Begin PBXResourcesBuildPhase section */
		719AF04D2A56ABF000633550 /* Resources */ = {
			isa = PBXResourcesBuildPhase;
			buildActionMask = 2147483647;
			files = (
				719AF05A2A56ABF100633550 /* Preview Assets.xcassets in Resources */,
				719AF0572A56ABF100633550 /* Assets.xcassets in Resources */,
			);
			runOnlyForDeploymentPostprocessing = 0;
		};
		719AF05D2A56ABF100633550 /* Resources */ = {
			isa = PBXResourcesBuildPhase;
			buildActionMask = 2147483647;
			files = (
			);
			runOnlyForDeploymentPostprocessing = 0;
		};
		719AF0672A56ABF100633550 /* Resources */ = {
			isa = PBXResourcesBuildPhase;
			buildActionMask = 2147483647;
			files = (
			);
			runOnlyForDeploymentPostprocessing = 0;
		};
/* End PBXResourcesBuildPhase section */

/* Begin PBXSourcesBuildPhase section */
		719AF04B2A56ABF000633550 /* Sources */ = {
			isa = PBXSourcesBuildPhase;
			buildActionMask = 2147483647;
			files = (
				719AF0552A56ABF000633550 /* ContentView.swift in Sources */,
				719AF0532A56ABF000633550 /* Internship_projectApp.swift in Sources */,
			);
			runOnlyForDeploymentPostprocessing = 0;
		};
		719AF05B2A56ABF100633550 /* Sources */ = {
			isa = PBXSourcesBuildPhase;
			buildActionMask = 2147483647;
			files = (
				719AF0642A56ABF100633550 /* Internship_projectTests.swift in Sources */,
			);
			runOnlyForDeploymentPostprocessing = 0;
		};
		719AF0652A56ABF100633550 /* Sources */ = {
			isa = PBXSourcesBuildPhase;
			buildActionMask = 2147483647;
			files = (
				719AF0702A56ABF100633550 /* Internship_projectUITestsLaunchTests.swift in Sources */,
				719AF06E2A56ABF100633550 /* Internship_projectUITests.swift in Sources */,
			);
			runOnlyForDeploymentPostprocessing = 0;
		};
/* End PBXSourcesBuildPhase section */

/* Begin PBXTargetDependency section */
		719AF0612A56ABF100633550 /* PBXTargetDependency */ = {
			isa = PBXTargetDependency;
			target = 719AF04E2A56ABF000633550 /* Internship project */;
			targetProxy = 719AF0602A56ABF100633550 /* PBXContainerItemProxy */;
		};
		719AF06B2A56ABF100633550 /* PBXTargetDependency */ = {
			isa = PBXTargetDependency;
			target = 719AF04E2A56ABF000633550 /* Internship project */;
			targetProxy = 719AF06A2A56ABF100633550 /* PBXContainerItemProxy */;
		};
/* End PBXTargetDependency section */

/* Begin XCBuildConfiguration section */
		719AF0712A56ABF100633550 /* Debug */ = {
			isa = XCBuildConfiguration;
			buildSettings = {
				ALWAYS_SEARCH_USER_PATHS = NO;
				CLANG_ANALYZER_NONNULL = YES;
				CLANG_ANALYZER_NUMBER_OBJECT_CONVERSION = YES_AGGRESSIVE;
				CLANG_CXX_LANGUAGE_STANDARD = "gnu++20";
				CLANG_ENABLE_MODULES = YES;
				CLANG_ENABLE_OBJC_ARC = YES;
				CLANG_ENABLE_OBJC_WEAK = YES;
				CLANG_WARN_BLOCK_CAPTURE_AUTORELEASING = YES;
				CLANG_WARN_BOOL_CONVERSION = YES;
				CLANG_WARN_COMMA = YES;
				CLANG_WARN_CONSTANT_CONVERSION = YES;
				CLANG_WARN_DEPRECATED_OBJC_IMPLEMENTATIONS = YES;
				CLANG_WARN_DIRECT_OBJC_ISA_USAGE = YES_ERROR;
				CLANG_WARN_DOCUMENTATION_COMMENTS = YES;
				CLANG_WARN_EMPTY_BODY = YES;
				CLANG_WARN_ENUM_CONVERSION = YES;
				CLANG_WARN_INFINITE_RECURSION = YES;
				CLANG_WARN_INT_CONVERSION = YES;
				CLANG_WARN_NON_LITERAL_NULL_CONVERSION = YES;
				CLANG_WARN_OBJC_IMPLICIT_RETAIN_SELF = YES;
				CLANG_WARN_OBJC_LITERAL_CONVERSION = YES;
				CLANG_WARN_OBJC_ROOT_CLASS = YES_ERROR;
				CLANG_WARN_QUOTED_INCLUDE_IN_FRAMEWORK_HEADER = YES;
				CLANG_WARN_RANGE_LOOP_ANALYSIS = YES;
				CLANG_WARN_STRICT_PROTOTYPES = YES;
				CLANG_WARN_SUSPICIOUS_MOVE = YES;
				CLANG_WARN_UNGUARDED_AVAILABILITY = YES_AGGRESSIVE;
				CLANG_WARN_UNREACHABLE_CODE = YES;
				CLANG_WARN__DUPLICATE_METHOD_MATCH = YES;
				COPY_PHASE_STRIP = NO;
				DEBUG_INFORMATION_FORMAT = dwarf;
				ENABLE_STRICT_OBJC_MSGSEND = YES;
				ENABLE_TESTABILITY = YES;
				GCC_C_LANGUAGE_STANDARD = gnu11;
				GCC_DYNAMIC_NO_PIC = NO;
				GCC_NO_COMMON_BLOCKS = YES;
				GCC_OPTIMIZATION_LEVEL = 0;
				GCC_PREPROCESSOR_DEFINITIONS = (
					"DEBUG=1",
					"$(inherited)",
				);
				GCC_WARN_64_TO_32_BIT_CONVERSION = YES;
				GCC_WARN_ABOUT_RETURN_TYPE = YES_ERROR;
				GCC_WARN_UNDECLARED_SELECTOR = YES;
				GCC_WARN_UNINITIALIZED_AUTOS = YES_AGGRESSIVE;
				GCC_WARN_UNUSED_FUNCTION = YES;
				GCC_WARN_UNUSED_VARIABLE = YES;
				IPHONEOS_DEPLOYMENT_TARGET = 16.2;
				MTL_ENABLE_DEBUG_INFO = INCLUDE_SOURCE;
				MTL_FAST_MATH = YES;
				ONLY_ACTIVE_ARCH = YES;
				SDKROOT = iphoneos;
				SWIFT_ACTIVE_COMPILATION_CONDITIONS = DEBUG;
				SWIFT_OPTIMIZATION_LEVEL = "-Onone";
			};
			name = Debug;
		};
		719AF0722A56ABF100633550 /* Release */ = {
			isa = XCBuildConfiguration;
			buildSettings = {
				ALWAYS_SEARCH_USER_PATHS = NO;
				CLANG_ANALYZER_NONNULL = YES;
				CLANG_ANALYZER_NUMBER_OBJECT_CONVERSION = YES_AGGRESSIVE;
				CLANG_CXX_LANGUAGE_STANDARD = "gnu++20";
				CLANG_ENABLE_MODULES = YES;
				CLANG_ENABLE_OBJC_ARC = YES;
				CLANG_ENABLE_OBJC_WEAK = YES;
				CLANG_WARN_BLOCK_CAPTURE_AUTORELEASING = YES;
				CLANG_WARN_BOOL_CONVERSION = YES;
				CLANG_WARN_COMMA = YES;
				CLANG_WARN_CONSTANT_CONVERSION = YES;
				CLANG_WARN_DEPRECATED_OBJC_IMPLEMENTATIONS = YES;
				CLANG_WARN_DIRECT_OBJC_ISA_USAGE = YES_ERROR;
				CLANG_WARN_DOCUMENTATION_COMMENTS = YES;
				CLANG_WARN_EMPTY_BODY = YES;
				CLANG_WARN_ENUM_CONVERSION = YES;
				CLANG_WARN_INFINITE_RECURSION = YES;
				CLANG_WARN_INT_CONVERSION = YES;
				CLANG_WARN_NON_LITERAL_NULL_CONVERSION = YES;
				CLANG_WARN_OBJC_IMPLICIT_RETAIN_SELF = YES;
				CLANG_WARN_OBJC_LITERAL_CONVERSION = YES;
				CLANG_WARN_OBJC_ROOT_CLASS = YES_ERROR;
				CLANG_WARN_QUOTED_INCLUDE_IN_FRAMEWORK_HEADER = YES;
				CLANG_WARN_RANGE_LOOP_ANALYSIS = YES;
				CLANG_WARN_STRICT_PROTOTYPES = YES;
				CLANG_WARN_SUSPICIOUS_MOVE = YES;
				CLANG_WARN_UNGUARDED_AVAILABILITY = YES_AGGRESSIVE;
				CLANG_WARN_UNREACHABLE_CODE = YES;
				CLANG_WARN__DUPLICATE_METHOD_MATCH = YES;
				COPY_PHASE_STRIP = NO;
				DEBUG_INFORMATION_FORMAT = "dwarf-with-dsym";
				ENABLE_NS_ASSERTIONS = NO;
				ENABLE_STRICT_OBJC_MSGSEND = YES;
				GCC_C_LANGUAGE_STANDARD = gnu11;
				GCC_NO_COMMON_BLOCKS = YES;
				GCC_WARN_64_TO_32_BIT_CONVERSION = YES;
				GCC_WARN_ABOUT_RETURN_TYPE = YES_ERROR;
				GCC_WARN_UNDECLARED_SELECTOR = YES;
				GCC_WARN_UNINITIALIZED_AUTOS = YES_AGGRESSIVE;
				GCC_WARN_UNUSED_FUNCTION = YES;
				GCC_WARN_UNUSED_VARIABLE = YES;
				IPHONEOS_DEPLOYMENT_TARGET = 16.2;
				MTL_ENABLE_DEBUG_INFO = NO;
				MTL_FAST_MATH = YES;
				SDKROOT = iphoneos;
				SWIFT_COMPILATION_MODE = wholemodule;
				SWIFT_OPTIMIZATION_LEVEL = "-O";
				VALIDATE_PRODUCT = YES;
			};
			name = Release;
		};
		719AF0742A56ABF100633550 /* Debug */ = {
			isa = XCBuildConfiguration;
			buildSettings = {
				ASSETCATALOG_COMPILER_APPICON_NAME = AppIcon;
				ASSETCATALOG_COMPILER_GLOBAL_ACCENT_COLOR_NAME = AccentColor;
				CODE_SIGN_STYLE = Automatic;
				CURRENT_PROJECT_VERSION = 1;
				DEVELOPMENT_ASSET_PATHS = "\"Internship project/Preview Content\"";
				ENABLE_PREVIEWS = YES;
				GENERATE_INFOPLIST_FILE = YES;
				INFOPLIST_KEY_UIApplicationSceneManifest_Generation = YES;
				INFOPLIST_KEY_UIApplicationSupportsIndirectInputEvents = YES;
				INFOPLIST_KEY_UILaunchScreen_Generation = YES;
				INFOPLIST_KEY_UISupportedInterfaceOrientations_iPad = "UIInterfaceOrientationPortrait UIInterfaceOrientationPortraitUpsideDown UIInterfaceOrientationLandscapeLeft UIInterfaceOrientationLandscapeRight";
				INFOPLIST_KEY_UISupportedInterfaceOrientations_iPhone = "UIInterfaceOrientationPortrait UIInterfaceOrientationLandscapeLeft UIInterfaceOrientationLandscapeRight";
				LD_RUNPATH_SEARCH_PATHS = (
					"$(inherited)",
					"@executable_path/Frameworks",
				);
				MARKETING_VERSION = 1.0;
				PRODUCT_BUNDLE_IDENTIFIER = "LLNL.Internship-project";
				PRODUCT_NAME = "$(TARGET_NAME)";
				SWIFT_EMIT_LOC_STRINGS = YES;
				SWIFT_VERSION = 5.0;
				TARGETED_DEVICE_FAMILY = "1,2";
			};
			name = Debug;
		};
		719AF0752A56ABF100633550 /* Release */ = {
			isa = XCBuildConfiguration;
			buildSettings = {
				ASSETCATALOG_COMPILER_APPICON_NAME = AppIcon;
				ASSETCATALOG_COMPILER_GLOBAL_ACCENT_COLOR_NAME = AccentColor;
				CODE_SIGN_STYLE = Automatic;
				CURRENT_PROJECT_VERSION = 1;
				DEVELOPMENT_ASSET_PATHS = "\"Internship project/Preview Content\"";
				ENABLE_PREVIEWS = YES;
				GENERATE_INFOPLIST_FILE = YES;
				INFOPLIST_KEY_UIApplicationSceneManifest_Generation = YES;
				INFOPLIST_KEY_UIApplicationSupportsIndirectInputEvents = YES;
				INFOPLIST_KEY_UILaunchScreen_Generation = YES;
				INFOPLIST_KEY_UISupportedInterfaceOrientations_iPad = "UIInterfaceOrientationPortrait UIInterfaceOrientationPortraitUpsideDown UIInterfaceOrientationLandscapeLeft UIInterfaceOrientationLandscapeRight";
				INFOPLIST_KEY_UISupportedInterfaceOrientations_iPhone = "UIInterfaceOrientationPortrait UIInterfaceOrientationLandscapeLeft UIInterfaceOrientationLandscapeRight";
				LD_RUNPATH_SEARCH_PATHS = (
					"$(inherited)",
					"@executable_path/Frameworks",
				);
				MARKETING_VERSION = 1.0;
				PRODUCT_BUNDLE_IDENTIFIER = "LLNL.Internship-project";
				PRODUCT_NAME = "$(TARGET_NAME)";
				SWIFT_EMIT_LOC_STRINGS = YES;
				SWIFT_VERSION = 5.0;
				TARGETED_DEVICE_FAMILY = "1,2";
			};
			name = Release;
		};
		719AF0772A56ABF100633550 /* Debug */ = {
			isa = XCBuildConfiguration;
			buildSettings = {
				ALWAYS_EMBED_SWIFT_STANDARD_LIBRARIES = YES;
				BUNDLE_LOADER = "$(TEST_HOST)";
				CODE_SIGN_STYLE = Automatic;
				CURRENT_PROJECT_VERSION = 1;
				GENERATE_INFOPLIST_FILE = YES;
				IPHONEOS_DEPLOYMENT_TARGET = 16.2;
				MARKETING_VERSION = 1.0;
				PRODUCT_BUNDLE_IDENTIFIER = "LLNL.Internship-projectTests";
				PRODUCT_NAME = "$(TARGET_NAME)";
				SWIFT_EMIT_LOC_STRINGS = NO;
				SWIFT_VERSION = 5.0;
				TARGETED_DEVICE_FAMILY = "1,2";
				TEST_HOST = "$(BUILT_PRODUCTS_DIR)/Internship project.app/$(BUNDLE_EXECUTABLE_FOLDER_PATH)/Internship project";
			};
			name = Debug;
		};
		719AF0782A56ABF100633550 /* Release */ = {
			isa = XCBuildConfiguration;
			buildSettings = {
				ALWAYS_EMBED_SWIFT_STANDARD_LIBRARIES = YES;
				BUNDLE_LOADER = "$(TEST_HOST)";
				CODE_SIGN_STYLE = Automatic;
				CURRENT_PROJECT_VERSION = 1;
				GENERATE_INFOPLIST_FILE = YES;
				IPHONEOS_DEPLOYMENT_TARGET = 16.2;
				MARKETING_VERSION = 1.0;
				PRODUCT_BUNDLE_IDENTIFIER = "LLNL.Internship-projectTests";
				PRODUCT_NAME = "$(TARGET_NAME)";
				SWIFT_EMIT_LOC_STRINGS = NO;
				SWIFT_VERSION = 5.0;
				TARGETED_DEVICE_FAMILY = "1,2";
				TEST_HOST = "$(BUILT_PRODUCTS_DIR)/Internship project.app/$(BUNDLE_EXECUTABLE_FOLDER_PATH)/Internship project";
			};
			name = Release;
		};
		719AF07A2A56ABF100633550 /* Debug */ = {
			isa = XCBuildConfiguration;
			buildSettings = {
				ALWAYS_EMBED_SWIFT_STANDARD_LIBRARIES = YES;
				CODE_SIGN_STYLE = Automatic;
				CURRENT_PROJECT_VERSION = 1;
				GENERATE_INFOPLIST_FILE = YES;
				MARKETING_VERSION = 1.0;
				PRODUCT_BUNDLE_IDENTIFIER = "LLNL.Internship-projectUITests";
				PRODUCT_NAME = "$(TARGET_NAME)";
				SWIFT_EMIT_LOC_STRINGS = NO;
				SWIFT_VERSION = 5.0;
				TARGETED_DEVICE_FAMILY = "1,2";
				TEST_TARGET_NAME = "Internship project";
			};
			name = Debug;
		};
		719AF07B2A56ABF100633550 /* Release */ = {
			isa = XCBuildConfiguration;
			buildSettings = {
				ALWAYS_EMBED_SWIFT_STANDARD_LIBRARIES = YES;
				CODE_SIGN_STYLE = Automatic;
				CURRENT_PROJECT_VERSION = 1;
				GENERATE_INFOPLIST_FILE = YES;
				MARKETING_VERSION = 1.0;
				PRODUCT_BUNDLE_IDENTIFIER = "LLNL.Internship-projectUITests";
				PRODUCT_NAME = "$(TARGET_NAME)";
				SWIFT_EMIT_LOC_STRINGS = NO;
				SWIFT_VERSION = 5.0;
				TARGETED_DEVICE_FAMILY = "1,2";
				TEST_TARGET_NAME = "Internship project";
			};
			name = Release;
		};
/* End XCBuildConfiguration section */

/* Begin XCConfigurationList section */
		719AF04A2A56ABF000633550 /* Build configuration list for PBXProject "Internship project" */ = {
			isa = XCConfigurationList;
			buildConfigurations = (
				719AF0712A56ABF100633550 /* Debug */,
				719AF0722A56ABF100633550 /* Release */,
			);
			defaultConfigurationIsVisible = 0;
			defaultConfigurationName = Release;
		};
		719AF0732A56ABF100633550 /* Build configuration list for PBXNativeTarget "Internship project" */ = {
			isa = XCConfigurationList;
			buildConfigurations = (
				719AF0742A56ABF100633550 /* Debug */,
				719AF0752A56ABF100633550 /* Release */,
			);
			defaultConfigurationIsVisible = 0;
			defaultConfigurationName = Release;
		};
		719AF0762A56ABF100633550 /* Build configuration list for PBXNativeTarget "Internship projectTests" */ = {
			isa = XCConfigurationList;
			buildConfigurations = (
				719AF0772A56ABF100633550 /* Debug */,
				719AF0782A56ABF100633550 /* Release */,
			);
			defaultConfigurationIsVisible = 0;
			defaultConfigurationName = Release;
		};
		719AF0792A56ABF100633550 /* Build configuration list for PBXNativeTarget "Internship projectUITests" */ = {
			isa = XCConfigurationList;
			buildConfigurations = (
				719AF07A2A56ABF100633550 /* Debug */,
				719AF07B2A56ABF100633550 /* Release */,
			);
			defaultConfigurationIsVisible = 0;
			defaultConfigurationName = Release;
		};
/* End XCConfigurationList section */
	};
	rootObject = 719AF0472A56ABF000633550 /* Project object */;
}
